
Microsoft Visual Studio Solution File, Format Version 12.00
# Visual Studio 15
VisualStudioVersion = 15.0.28307.102
MinimumVisualStudioVersion = 10.0.40219.1
Project("{FAE04EC0-301F-11D3-BF4B-00C04F79EFBC}") = "e-tekara", "e-tekara\e-tekara.csproj", "{F24C4DE4-5E50-44E6-8933-E9E19ECE6DBA}"
EndProject
Global
	GlobalSection(SolutionConfigurationPlatforms) = preSolution
		Debug|Any CPU = Debug|Any CPU
		Release|Any CPU = Release|Any CPU
	EndGlobalSection
	GlobalSection(ProjectConfigurationPlatforms) = postSolution
		{F24C4DE4-5E50-44E6-8933-E9E19ECE6DBA}.Debug|Any CPU.ActiveCfg = Debug|Any CPU
		{F24C4DE4-5E50-44E6-8933-E9E19ECE6DBA}.Debug|Any CPU.Build.0 = Debug|Any CPU
		{F24C4DE4-5E50-44E6-8933-E9E19ECE6DBA}.Release|Any CPU.ActiveCfg = Release|Any CPU
		{F24C4DE4-5E50-44E6-8933-E9E19ECE6DBA}.Release|Any CPU.Build.0 = Release|Any CPU
	EndGlobalSection
	GlobalSection(SolutionProperties) = preSolution
		HideSolutionNode = FALSE
	EndGlobalSection
	GlobalSection(ExtensibilityGlobals) = postSolution
		SolutionGuid = {F7F6555F-A6B3-452E-A50D-183DBFAFAF28}
	EndGlobalSection
EndGlobal
